
Microsoft Visual Studio Solution File, Format Version 12.00
# Visual Studio Version 17
VisualStudioVersion = 17.7.34221.43
MinimumVisualStudioVersion = 10.0.40219.1
Project("{FAE04EC0-301F-11D3-BF4B-00C04F79EFBC}") = "Eseries", "Eseries.csproj", "{79D3C13D-717F-4140-AC21-60DBD9E7A0DF}"
EndProject
Global
	GlobalSection(SolutionConfigurationPlatforms) = preSolution
		Debug|Any CPU = Debug|Any CPU
		Release|Any CPU = Release|Any CPU
	EndGlobalSection
	GlobalSection(ProjectConfigurationPlatforms) = postSolution
		{79D3C13D-717F-4140-AC21-60DBD9E7A0DF}.Debug|Any CPU.ActiveCfg = Debug|Any CPU
		{79D3C13D-717F-4140-AC21-60DBD9E7A0DF}.Debug|Any CPU.Build.0 = Debug|Any CPU
		{79D3C13D-717F-4140-AC21-60DBD9E7A0DF}.Release|Any CPU.ActiveCfg = Release|Any CPU
		{79D3C13D-717F-4140-AC21-60DBD9E7A0DF}.Release|Any CPU.Build.0 = Release|Any CPU
	EndGlobalSection
	GlobalSection(SolutionProperties) = preSolution
		HideSolutionNode = FALSE
	EndGlobalSection
	GlobalSection(ExtensibilityGlobals) = postSolution
		SolutionGuid = {BB5ED267-1F2A-4B24-9E0B-073EC29BAFE4}
	EndGlobalSection
EndGlobal
